// !$*UTF8*$!
{
	archiveVersion = 1;
	classes = {
	};
	objectVersion = 46;
	objects = {

/* Begin PBXBuildFile section */
		17EA4E3E170AFA0600D23C58 /* UIKit.framework in Frameworks */ = {isa = PBXBuildFile; fileRef = 17EA4E3D170AFA0600D23C58 /* UIKit.framework */; };
		17EA4E40170AFA0600D23C58 /* Foundation.framework in Frameworks */ = {isa = PBXBuildFile; fileRef = 17EA4E3F170AFA0600D23C58 /* Foundation.framework */; };
		17EA4E42170AFA0600D23C58 /* CoreGraphics.framework in Frameworks */ = {isa = PBXBuildFile; fileRef = 17EA4E41170AFA0600D23C58 /* CoreGraphics.framework */; };
		17EA4E48170AFA0600D23C58 /* InfoPlist.strings in Resources */ = {isa = PBXBuildFile; fileRef = 17EA4E46170AFA0600D23C58 /* InfoPlist.strings */; };
		17EA4E4A170AFA0600D23C58 /* main.m in Sources */ = {isa = PBXBuildFile; fileRef = 17EA4E49170AFA0600D23C58 /* main.m */; };
		17EA4E4E170AFA0600D23C58 /* HomepwnerAppDelegate.m in Sources */ = {isa = PBXBuildFile; fileRef = 17EA4E4D170AFA0600D23C58 /* HomepwnerAppDelegate.m */; };
		17EA4E50170AFA0600D23C58 /* Default.png in Resources */ = {isa = PBXBuildFile; fileRef = 17EA4E4F170AFA0600D23C58 /* Default.png */; };
		17EA4E52170AFA0600D23C58 /* Default@2x.png in Resources */ = {isa = PBXBuildFile; fileRef = 17EA4E51170AFA0600D23C58 /* Default@2x.png */; };
		17EA4E54170AFA0600D23C58 /* Default-568h@2x.png in Resources */ = {isa = PBXBuildFile; fileRef = 17EA4E53170AFA0600D23C58 /* Default-568h@2x.png */; };
		17EA4E5C170B03A000D23C58 /* ItemsViewcontroller.m in Sources */ = {isa = PBXBuildFile; fileRef = 17EA4E5B170B03A000D23C58 /* ItemsViewcontroller.m */; };
		17EA4E5F170B055600D23C58 /* BNRItem.m in Sources */ = {isa = PBXBuildFile; fileRef = 17EA4E5E170B055600D23C58 /* BNRItem.m */; };
		17EA4E62170B05A400D23C58 /* BNRItemStore.m in Sources */ = {isa = PBXBuildFile; fileRef = 17EA4E61170B05A400D23C58 /* BNRItemStore.m */; };
		17EA4E64170C24D200D23C58 /* HeaderView.xib in Resources */ = {isa = PBXBuildFile; fileRef = 17EA4E63170C24D200D23C58 /* HeaderView.xib */; };
		17EA4E6B170C592900D23C58 /* DetailViewController.m in Sources */ = {isa = PBXBuildFile; fileRef = 17EA4E69170C592800D23C58 /* DetailViewController.m */; };
		17EA4E6C170C592900D23C58 /* DetailViewController.xib in Resources */ = {isa = PBXBuildFile; fileRef = 17EA4E6A170C592900D23C58 /* DetailViewController.xib */; };
		17EA4E6E170C7E0A00D23C58 /* rainbow.png in Resources */ = {isa = PBXBuildFile; fileRef = 17EA4E6D170C7E0A00D23C58 /* rainbow.png */; };
		17EA4E71170C7FB500D23C58 /* BNRImageStore.m in Sources */ = {isa = PBXBuildFile; fileRef = 17EA4E70170C7FB500D23C58 /* BNRImageStore.m */; };
/* End PBXBuildFile section */

/* Begin PBXFileReference section */
		17EA4E3A170AFA0600D23C58 /* Homepwner.app */ = {isa = PBXFileReference; explicitFileType = wrapper.application; includeInIndex = 0; path = Homepwner.app; sourceTree = BUILT_PRODUCTS_DIR; };
		17EA4E3D170AFA0600D23C58 /* UIKit.framework */ = {isa = PBXFileReference; lastKnownFileType = wrapper.framework; name = UIKit.framework; path = System/Library/Frameworks/UIKit.framework; sourceTree = SDKROOT; };
		17EA4E3F170AFA0600D23C58 /* Foundation.framework */ = {isa = PBXFileReference; lastKnownFileType = wrapper.framework; name = Foundation.framework; path = System/Library/Frameworks/Foundation.framework; sourceTree = SDKROOT; };
		17EA4E41170AFA0600D23C58 /* CoreGraphics.framework */ = {isa = PBXFileReference; lastKnownFileType = wrapper.framework; name = CoreGraphics.framework; path = System/Library/Frameworks/CoreGraphics.framework; sourceTree = SDKROOT; };
		17EA4E45170AFA0600D23C58 /* Homepwner-Info.plist */ = {isa = PBXFileReference; lastKnownFileType = text.plist.xml; path = "Homepwner-Info.plist"; sourceTree = "<group>"; };
		17EA4E47170AFA0600D23C58 /* en */ = {isa = PBXFileReference; lastKnownFileType = text.plist.strings; name = en; path = en.lproj/InfoPlist.strings; sourceTree = "<group>"; };
		17EA4E49170AFA0600D23C58 /* main.m */ = {isa = PBXFileReference; lastKnownFileType = sourcecode.c.objc; path = main.m; sourceTree = "<group>"; };
		17EA4E4B170AFA0600D23C58 /* Homepwner-Prefix.pch */ = {isa = PBXFileReference; lastKnownFileType = sourcecode.c.h; path = "Homepwner-Prefix.pch"; sourceTree = "<group>"; };
		17EA4E4C170AFA0600D23C58 /* HomepwnerAppDelegate.h */ = {isa = PBXFileReference; lastKnownFileType = sourcecode.c.h; path = HomepwnerAppDelegate.h; sourceTree = "<group>"; };
		17EA4E4D170AFA0600D23C58 /* HomepwnerAppDelegate.m */ = {isa = PBXFileReference; lastKnownFileType = sourcecode.c.objc; path = HomepwnerAppDelegate.m; sourceTree = "<group>"; };
		17EA4E4F170AFA0600D23C58 /* Default.png */ = {isa = PBXFileReference; lastKnownFileType = image.png; path = Default.png; sourceTree = "<group>"; };
		17EA4E51170AFA0600D23C58 /* Default@2x.png */ = {isa = PBXFileReference; lastKnownFileType = image.png; path = "Default@2x.png"; sourceTree = "<group>"; };
		17EA4E53170AFA0600D23C58 /* Default-568h@2x.png */ = {isa = PBXFileReference; lastKnownFileType = image.png; path = "Default-568h@2x.png"; sourceTree = "<group>"; };
		17EA4E5A170B03A000D23C58 /* ItemsViewcontroller.h */ = {isa = PBXFileReference; fileEncoding = 4; lastKnownFileType = sourcecode.c.h; path = ItemsViewcontroller.h; sourceTree = "<group>"; };
		17EA4E5B170B03A000D23C58 /* ItemsViewcontroller.m */ = {isa = PBXFileReference; fileEncoding = 4; lastKnownFileType = sourcecode.c.objc; path = ItemsViewcontroller.m; sourceTree = "<group>"; };
		17EA4E5D170B055600D23C58 /* BNRItem.h */ = {isa = PBXFileReference; fileEncoding = 4; lastKnownFileType = sourcecode.c.h; path = BNRItem.h; sourceTree = "<group>"; };
		17EA4E5E170B055600D23C58 /* BNRItem.m */ = {isa = PBXFileReference; fileEncoding = 4; lastKnownFileType = sourcecode.c.objc; path = BNRItem.m; sourceTree = "<group>"; };
		17EA4E60170B05A400D23C58 /* BNRItemStore.h */ = {isa = PBXFileReference; fileEncoding = 4; lastKnownFileType = sourcecode.c.h; path = BNRItemStore.h; sourceTree = "<group>"; };
		17EA4E61170B05A400D23C58 /* BNRItemStore.m */ = {isa = PBXFileReference; fileEncoding = 4; lastKnownFileType = sourcecode.c.objc; path = BNRItemStore.m; sourceTree = "<group>"; };
		17EA4E63170C24D200D23C58 /* HeaderView.xib */ = {isa = PBXFileReference; fileEncoding = 4; lastKnownFileType = file.xib; path = HeaderView.xib; sourceTree = "<group>"; };
		17EA4E68170C592800D23C58 /* DetailViewController.h */ = {isa = PBXFileReference; fileEncoding = 4; lastKnownFileType = sourcecode.c.h; name = DetailViewController.h; path = ../DetailViewController.h; sourceTree = "<group>"; };
		17EA4E69170C592800D23C58 /* DetailViewController.m */ = {isa = PBXFileReference; fileEncoding = 4; lastKnownFileType = sourcecode.c.objc; name = DetailViewController.m; path = ../DetailViewController.m; sourceTree = "<group>"; };
		17EA4E6A170C592900D23C58 /* DetailViewController.xib */ = {isa = PBXFileReference; fileEncoding = 4; lastKnownFileType = file.xib; name = DetailViewController.xib; path = ../DetailViewController.xib; sourceTree = "<group>"; };
		17EA4E6D170C7E0A00D23C58 /* rainbow.png */ = {isa = PBXFileReference; lastKnownFileType = image.png; path = rainbow.png; sourceTree = "<group>"; };
		17EA4E6F170C7FB500D23C58 /* BNRImageStore.h */ = {isa = PBXFileReference; fileEncoding = 4; lastKnownFileType = sourcecode.c.h; path = BNRImageStore.h; sourceTree = "<group>"; };
		17EA4E70170C7FB500D23C58 /* BNRImageStore.m */ = {isa = PBXFileReference; fileEncoding = 4; lastKnownFileType = sourcecode.c.objc; path = BNRImageStore.m; sourceTree = "<group>"; };
/* End PBXFileReference section */

/* Begin PBXFrameworksBuildPhase section */
		17EA4E37170AFA0600D23C58 /* Frameworks */ = {
			isa = PBXFrameworksBuildPhase;
			buildActionMask = 2147483647;
			files = (
				17EA4E3E170AFA0600D23C58 /* UIKit.framework in Frameworks */,
				17EA4E40170AFA0600D23C58 /* Foundation.framework in Frameworks */,
				17EA4E42170AFA0600D23C58 /* CoreGraphics.framework in Frameworks */,
			);
			runOnlyForDeploymentPostprocessing = 0;
		};
/* End PBXFrameworksBuildPhase section */

/* Begin PBXGroup section */
		17EA4E31170AFA0600D23C58 = {
			isa = PBXGroup;
			children = (
				17EA4E6D170C7E0A00D23C58 /* rainbow.png */,
				17EA4E43170AFA0600D23C58 /* Homepwner */,
				17EA4E3C170AFA0600D23C58 /* Frameworks */,
				17EA4E3B170AFA0600D23C58 /* Products */,
			);
			sourceTree = "<group>";
		};
		17EA4E3B170AFA0600D23C58 /* Products */ = {
			isa = PBXGroup;
			children = (
				17EA4E3A170AFA0600D23C58 /* Homepwner.app */,
			);
			name = Products;
			sourceTree = "<group>";
		};
		17EA4E3C170AFA0600D23C58 /* Frameworks */ = {
			isa = PBXGroup;
			children = (
				17EA4E3D170AFA0600D23C58 /* UIKit.framework */,
				17EA4E3F170AFA0600D23C58 /* Foundation.framework */,
				17EA4E41170AFA0600D23C58 /* CoreGraphics.framework */,
			);
			name = Frameworks;
			sourceTree = "<group>";
		};
		17EA4E43170AFA0600D23C58 /* Homepwner */ = {
			isa = PBXGroup;
			children = (
				17EA4E68170C592800D23C58 /* DetailViewController.h */,
				17EA4E69170C592800D23C58 /* DetailViewController.m */,
				17EA4E6A170C592900D23C58 /* DetailViewController.xib */,
				17EA4E63170C24D200D23C58 /* HeaderView.xib */,
				17EA4E5D170B055600D23C58 /* BNRItem.h */,
				17EA4E5E170B055600D23C58 /* BNRItem.m */,
				17EA4E4C170AFA0600D23C58 /* HomepwnerAppDelegate.h */,
				17EA4E4D170AFA0600D23C58 /* HomepwnerAppDelegate.m */,
				17EA4E44170AFA0600D23C58 /* Supporting Files */,
				17EA4E5A170B03A000D23C58 /* ItemsViewcontroller.h */,
				17EA4E5B170B03A000D23C58 /* ItemsViewcontroller.m */,
				17EA4E60170B05A400D23C58 /* BNRItemStore.h */,
				17EA4E61170B05A400D23C58 /* BNRItemStore.m */,
				17EA4E6F170C7FB500D23C58 /* BNRImageStore.h */,
				17EA4E70170C7FB500D23C58 /* BNRImageStore.m */,
			);
			path = Homepwner;
			sourceTree = "<group>";
		};
		17EA4E44170AFA0600D23C58 /* Supporting Files */ = {
			isa = PBXGroup;
			children = (
				17EA4E45170AFA0600D23C58 /* Homepwner-Info.plist */,
				17EA4E46170AFA0600D23C58 /* InfoPlist.strings */,
				17EA4E49170AFA0600D23C58 /* main.m */,
				17EA4E4B170AFA0600D23C58 /* Homepwner-Prefix.pch */,
				17EA4E4F170AFA0600D23C58 /* Default.png */,
				17EA4E51170AFA0600D23C58 /* Default@2x.png */,
				17EA4E53170AFA0600D23C58 /* Default-568h@2x.png */,
			);
			name = "Supporting Files";
			sourceTree = "<group>";
		};
/* End PBXGroup section */

/* Begin PBXNativeTarget section */
		17EA4E39170AFA0600D23C58 /* Homepwner */ = {
			isa = PBXNativeTarget;
			buildConfigurationList = 17EA4E57170AFA0600D23C58 /* Build configuration list for PBXNativeTarget "Homepwner" */;
			buildPhases = (
				17EA4E36170AFA0600D23C58 /* Sources */,
				17EA4E37170AFA0600D23C58 /* Frameworks */,
				17EA4E38170AFA0600D23C58 /* Resources */,
			);
			buildRules = (
			);
			dependencies = (
			);
			name = Homepwner;
			productName = Homepwner;
			productReference = 17EA4E3A170AFA0600D23C58 /* Homepwner.app */;
			productType = "com.apple.product-type.application";
		};
/* End PBXNativeTarget section */

/* Begin PBXProject section */
		17EA4E32170AFA0600D23C58 /* Project object */ = {
			isa = PBXProject;
			attributes = {
				CLASSPREFIX = Homepwner;
				LastUpgradeCheck = 0460;
				ORGANIZATIONNAME = "Gregor Brett";
			};
			buildConfigurationList = 17EA4E35170AFA0600D23C58 /* Build configuration list for PBXProject "Homepwner" */;
			compatibilityVersion = "Xcode 3.2";
			developmentRegion = English;
			hasScannedForEncodings = 0;
			knownRegions = (
				en,
			);
			mainGroup = 17EA4E31170AFA0600D23C58;
			productRefGroup = 17EA4E3B170AFA0600D23C58 /* Products */;
			projectDirPath = "";
			projectRoot = "";
			targets = (
				17EA4E39170AFA0600D23C58 /* Homepwner */,
			);
		};
/* End PBXProject section */

/* Begin PBXResourcesBuildPhase section */
		17EA4E38170AFA0600D23C58 /* Resources */ = {
			isa = PBXResourcesBuildPhase;
			buildActionMask = 2147483647;
			files = (
				17EA4E48170AFA0600D23C58 /* InfoPlist.strings in Resources */,
				17EA4E50170AFA0600D23C58 /* Default.png in Resources */,
				17EA4E52170AFA0600D23C58 /* Default@2x.png in Resources */,
				17EA4E54170AFA0600D23C58 /* Default-568h@2x.png in Resources */,
				17EA4E64170C24D200D23C58 /* HeaderView.xib in Resources */,
				17EA4E6C170C592900D23C58 /* DetailViewController.xib in Resources */,
				17EA4E6E170C7E0A00D23C58 /* rainbow.png in Resources */,
			);
			runOnlyForDeploymentPostprocessing = 0;
		};
/* End PBXResourcesBuildPhase section */

/* Begin PBXSourcesBuildPhase section */
		17EA4E36170AFA0600D23C58 /* Sources */ = {
			isa = PBXSourcesBuildPhase;
			buildActionMask = 2147483647;
			files = (
				17EA4E4A170AFA0600D23C58 /* main.m in Sources */,
				17EA4E4E170AFA0600D23C58 /* HomepwnerAppDelegate.m in Sources */,
				17EA4E5C170B03A000D23C58 /* ItemsViewcontroller.m in Sources */,
				17EA4E5F170B055600D23C58 /* BNRItem.m in Sources */,
				17EA4E62170B05A400D23C58 /* BNRItemStore.m in Sources */,
				17EA4E6B170C592900D23C58 /* DetailViewController.m in Sources */,
				17EA4E71170C7FB500D23C58 /* BNRImageStore.m in Sources */,
			);
			runOnlyForDeploymentPostprocessing = 0;
		};
/* End PBXSourcesBuildPhase section */

/* Begin PBXVariantGroup section */
		17EA4E46170AFA0600D23C58 /* InfoPlist.strings */ = {
			isa = PBXVariantGroup;
			children = (
				17EA4E47170AFA0600D23C58 /* en */,
			);
			name = InfoPlist.strings;
			sourceTree = "<group>";
		};
/* End PBXVariantGroup section */

/* Begin XCBuildConfiguration section */
		17EA4E55170AFA0600D23C58 /* Debug */ = {
			isa = XCBuildConfiguration;
			buildSettings = {
				ALWAYS_SEARCH_USER_PATHS = NO;
				CLANG_CXX_LANGUAGE_STANDARD = "gnu++0x";
				CLANG_CXX_LIBRARY = "libc++";
				CLANG_ENABLE_OBJC_ARC = YES;
				CLANG_WARN_CONSTANT_CONVERSION = YES;
				CLANG_WARN_EMPTY_BODY = YES;
				CLANG_WARN_ENUM_CONVERSION = YES;
				CLANG_WARN_INT_CONVERSION = YES;
				CLANG_WARN__DUPLICATE_METHOD_MATCH = YES;
				"CODE_SIGN_IDENTITY[sdk=iphoneos*]" = "iPhone Developer";
				COPY_PHASE_STRIP = NO;
				GCC_C_LANGUAGE_STANDARD = gnu99;
				GCC_DYNAMIC_NO_PIC = NO;
				GCC_OPTIMIZATION_LEVEL = 0;
				GCC_PREPROCESSOR_DEFINITIONS = (
					"DEBUG=1",
					"$(inherited)",
				);
				GCC_SYMBOLS_PRIVATE_EXTERN = NO;
				GCC_WARN_ABOUT_RETURN_TYPE = YES;
				GCC_WARN_UNINITIALIZED_AUTOS = YES;
				GCC_WARN_UNUSED_VARIABLE = YES;
				IPHONEOS_DEPLOYMENT_TARGET = 6.1;
				ONLY_ACTIVE_ARCH = YES;
				SDKROOT = iphoneos;
			};
			name = Debug;
		};
		17EA4E56170AFA0600D23C58 /* Release */ = {
			isa = XCBuildConfiguration;
			buildSettings = {
				ALWAYS_SEARCH_USER_PATHS = NO;
				CLANG_CXX_LANGUAGE_STANDARD = "gnu++0x";
				CLANG_CXX_LIBRARY = "libc++";
				CLANG_ENABLE_OBJC_ARC = YES;
				CLANG_WARN_CONSTANT_CONVERSION = YES;
				CLANG_WARN_EMPTY_BODY = YES;
				CLANG_WARN_ENUM_CONVERSION = YES;
				CLANG_WARN_INT_CONVERSION = YES;
				CLANG_WARN__DUPLICATE_METHOD_MATCH = YES;
				"CODE_SIGN_IDENTITY[sdk=iphoneos*]" = "iPhone Developer";
				COPY_PHASE_STRIP = YES;
				GCC_C_LANGUAGE_STANDARD = gnu99;
				GCC_WARN_ABOUT_RETURN_TYPE = YES;
				GCC_WARN_UNINITIALIZED_AUTOS = YES;
				GCC_WARN_UNUSED_VARIABLE = YES;
				IPHONEOS_DEPLOYMENT_TARGET = 6.1;
				OTHER_CFLAGS = "-DNS_BLOCK_ASSERTIONS=1";
				SDKROOT = iphoneos;
				VALIDATE_PRODUCT = YES;
			};
			name = Release;
		};
		17EA4E58170AFA0600D23C58 /* Debug */ = {
			isa = XCBuildConfiguration;
			buildSettings = {
				GCC_PRECOMPILE_PREFIX_HEADER = YES;
				GCC_PREFIX_HEADER = "Homepwner/Homepwner-Prefix.pch";
				INFOPLIST_FILE = "Homepwner/Homepwner-Info.plist";
				IPHONEOS_DEPLOYMENT_TARGET = 5.1;
				PRODUCT_NAME = "$(TARGET_NAME)";
				TARGETED_DEVICE_FAMILY = "1,2";
				WRAPPER_EXTENSION = app;
			};
			name = Debug;
		};
		17EA4E59170AFA0600D23C58 /* Release */ = {
			isa = XCBuildConfiguration;
			buildSettings = {
				GCC_PRECOMPILE_PREFIX_HEADER = YES;
				GCC_PREFIX_HEADER = "Homepwner/Homepwner-Prefix.pch";
				INFOPLIST_FILE = "Homepwner/Homepwner-Info.plist";
				IPHONEOS_DEPLOYMENT_TARGET = 5.1;
				PRODUCT_NAME = "$(TARGET_NAME)";
				TARGETED_DEVICE_FAMILY = "1,2";
				WRAPPER_EXTENSION = app;
			};
			name = Release;
		};
/* End XCBuildConfiguration section */

/* Begin XCConfigurationList section */
		17EA4E35170AFA0600D23C58 /* Build configuration list for PBXProject "Homepwner" */ = {
			isa = XCConfigurationList;
			buildConfigurations = (
				17EA4E55170AFA0600D23C58 /* Debug */,
				17EA4E56170AFA0600D23C58 /* Release */,
			);
			defaultConfigurationIsVisible = 0;
			defaultConfigurationName = Release;
		};
		17EA4E57170AFA0600D23C58 /* Build configuration list for PBXNativeTarget "Homepwner" */ = {
			isa = XCConfigurationList;
			buildConfigurations = (
				17EA4E58170AFA0600D23C58 /* Debug */,
				17EA4E59170AFA0600D23C58 /* Release */,
			);
			defaultConfigurationIsVisible = 0;
		};
/* End XCConfigurationList section */
	};
	rootObject = 17EA4E32170AFA0600D23C58 /* Project object */;
}
